// !$*UTF8*$!
{
	archiveVersion = 1;
	classes = {
	};
	objectVersion = 77;
	objects = {

/* Begin PBXBuildFile section */
		124E0417332007A2FE95F1C2 /* MDeckTests.swift in Sources */ = {isa = PBXBuildFile; fileRef = 2AE171A17AA2DE0291134993 /* MDeckTests.swift */; };
		149FF09B36E554508EF02754 /* DesignTokens.swift in Sources */ = {isa = PBXBuildFile; fileRef = F8DE011C84C47530798DE542 /* DesignTokens.swift */; };
		27A27261001FFC962A74DCBD /* mdeck.icns in Resources */ = {isa = PBXBuildFile; fileRef = 61C12CEF11E9AC1789EABB58 /* mdeck.icns */; };
		2E91424BD4662B966EBCEE71 /* AppSettings.swift in Sources */ = {isa = PBXBuildFile; fileRef = 993DB62D6B88E74E465FC10D /* AppSettings.swift */; };
		303DEC07A138F6CB2AAA0438 /* DotText.swift in Sources */ = {isa = PBXBuildFile; fileRef = A1BE4C07CEB04D5E8461668F /* DotText.swift */; };
		3508967FE0BBD55E54FA9DAC /* ModeButton.swift in Sources */ = {isa = PBXBuildFile; fileRef = FC56FC06BEA460A0A1E1C388 /* ModeButton.swift */; };
		5E33C8D0F98FAD6E50778D14 /* SpectrumView.swift in Sources */ = {isa = PBXBuildFile; fileRef = 024D1160B050FA89AE889203 /* SpectrumView.swift */; };
		7918FCC6E3954872B61CDC9C /* GlyphButton.swift in Sources */ = {isa = PBXBuildFile; fileRef = 01629C7F80BDAFDDBF11CE6D /* GlyphButton.swift */; };
		7C9FAEA539A201899BC0ED1D /* Theme.swift in Sources */ = {isa = PBXBuildFile; fileRef = 56431F6C881CC566E952173D /* Theme.swift */; };
		89AAB1B2ADAC4A487B6B2D2A /* AudioEngine.swift in Sources */ = {isa = PBXBuildFile; fileRef = F4566AFE05B4E90384A65D97 /* AudioEngine.swift */; };
		A551115EAEAE778412F91CFE /* RotaryKnob.swift in Sources */ = {isa = PBXBuildFile; fileRef = 5E6173E75B2C7CFA5180D84C /* RotaryKnob.swift */; };
		BF4265EC1EB315501D42F48C /* ContentView.swift in Sources */ = {isa = PBXBuildFile; fileRef = 28897236F82597812E48B4F6 /* ContentView.swift */; };
		C538F3C313C6517B80EA36F2 /* SettingsView.swift in Sources */ = {isa = PBXBuildFile; fileRef = 822CAAF7EE62D917BA36CE66 /* SettingsView.swift */; };
		CD74EC1B3582769FF4FA699C /* GridToggle.swift in Sources */ = {isa = PBXBuildFile; fileRef = E063BD9BEADE04212BD7D764 /* GridToggle.swift */; };
		CEB0FB390D7B51949FEA8143 /* FFTAnalyzer.swift in Sources */ = {isa = PBXBuildFile; fileRef = 97A1AA5F977D95734508AE4E /* FFTAnalyzer.swift */; };
		CFA8555CF49BA7AC6FB02113 /* ReorderDelegate.swift in Sources */ = {isa = PBXBuildFile; fileRef = 9AAEDD6E162F15394BFF58CC /* ReorderDelegate.swift */; };
		D1362E6DFDBE02881040C6A9 /* VolumeDots.swift in Sources */ = {isa = PBXBuildFile; fileRef = BD939C4C8B7EB1DAFEBD02E9 /* VolumeDots.swift */; };
		F4C2062FBE69925EAA62A8ED /* Scrubber.swift in Sources */ = {isa = PBXBuildFile; fileRef = D350A810608784C32E6B307A /* Scrubber.swift */; };
		F8C2464FA46F7BB0FD0AC275 /* MDeckApp.swift in Sources */ = {isa = PBXBuildFile; fileRef = C97D09214F01D0C2A621F7B2 /* MDeckApp.swift */; };
/* End PBXBuildFile section */

/* Begin PBXContainerItemProxy section */
		043F5DC8EBC1BF1EEA6A574A /* PBXContainerItemProxy */ = {
			isa = PBXContainerItemProxy;
			containerPortal = 82628FD8E6DE9BD4A922959C /* Project object */;
			proxyType = 1;
			remoteGlobalIDString = 2108F0AB78E065FFC2D923C0;
			remoteInfo = MDeck;
		};
/* End PBXContainerItemProxy section */

/* Begin PBXFileReference section */
		01629C7F80BDAFDDBF11CE6D /* GlyphButton.swift */ = {isa = PBXFileReference; lastKnownFileType = sourcecode.swift; path = GlyphButton.swift; sourceTree = "<group>"; };
		024D1160B050FA89AE889203 /* SpectrumView.swift */ = {isa = PBXFileReference; lastKnownFileType = sourcecode.swift; path = SpectrumView.swift; sourceTree = "<group>"; };
		0FCDD2CD6958F018A5A556CA /* MDeckTests.xctest */ = {isa = PBXFileReference; explicitFileType = wrapper.cfbundle; includeInIndex = 0; path = MDeckTests.xctest; sourceTree = BUILT_PRODUCTS_DIR; };
		28897236F82597812E48B4F6 /* ContentView.swift */ = {isa = PBXFileReference; lastKnownFileType = sourcecode.swift; path = ContentView.swift; sourceTree = "<group>"; };
		2AE171A17AA2DE0291134993 /* MDeckTests.swift */ = {isa = PBXFileReference; lastKnownFileType = sourcecode.swift; path = MDeckTests.swift; sourceTree = "<group>"; };
		56431F6C881CC566E952173D /* Theme.swift */ = {isa = PBXFileReference; lastKnownFileType = sourcecode.swift; path = Theme.swift; sourceTree = "<group>"; };
		5E6173E75B2C7CFA5180D84C /* RotaryKnob.swift */ = {isa = PBXFileReference; lastKnownFileType = sourcecode.swift; path = RotaryKnob.swift; sourceTree = "<group>"; };
		61C12CEF11E9AC1789EABB58 /* mdeck.icns */ = {isa = PBXFileReference; lastKnownFileType = image.icns; path = mdeck.icns; sourceTree = "<group>"; };
		822CAAF7EE62D917BA36CE66 /* SettingsView.swift */ = {isa = PBXFileReference; lastKnownFileType = sourcecode.swift; path = SettingsView.swift; sourceTree = "<group>"; };
		8C5C639523DE21CC81AB6260 /* MDeck.app */ = {isa = PBXFileReference; explicitFileType = wrapper.application; includeInIndex = 0; path = MDeck.app; sourceTree = BUILT_PRODUCTS_DIR; };
		97A1AA5F977D95734508AE4E /* FFTAnalyzer.swift */ = {isa = PBXFileReference; lastKnownFileType = sourcecode.swift; path = FFTAnalyzer.swift; sourceTree = "<group>"; };
		993DB62D6B88E74E465FC10D /* AppSettings.swift */ = {isa = PBXFileReference; lastKnownFileType = sourcecode.swift; path = AppSettings.swift; sourceTree = "<group>"; };
		9AAEDD6E162F15394BFF58CC /* ReorderDelegate.swift */ = {isa = PBXFileReference; lastKnownFileType = sourcecode.swift; path = ReorderDelegate.swift; sourceTree = "<group>"; };
		A1BE4C07CEB04D5E8461668F /* DotText.swift */ = {isa = PBXFileReference; lastKnownFileType = sourcecode.swift; path = DotText.swift; sourceTree = "<group>"; };
		BD939C4C8B7EB1DAFEBD02E9 /* VolumeDots.swift */ = {isa = PBXFileReference; lastKnownFileType = sourcecode.swift; path = VolumeDots.swift; sourceTree = "<group>"; };
		C97D09214F01D0C2A621F7B2 /* MDeckApp.swift */ = {isa = PBXFileReference; lastKnownFileType = sourcecode.swift; path = MDeckApp.swift; sourceTree = "<group>"; };
		D350A810608784C32E6B307A /* Scrubber.swift */ = {isa = PBXFileReference; lastKnownFileType = sourcecode.swift; path = Scrubber.swift; sourceTree = "<group>"; };
		E063BD9BEADE04212BD7D764 /* GridToggle.swift */ = {isa = PBXFileReference; lastKnownFileType = sourcecode.swift; path = GridToggle.swift; sourceTree = "<group>"; };
		F4566AFE05B4E90384A65D97 /* AudioEngine.swift */ = {isa = PBXFileReference; lastKnownFileType = sourcecode.swift; path = AudioEngine.swift; sourceTree = "<group>"; };
		F8DE011C84C47530798DE542 /* DesignTokens.swift */ = {isa = PBXFileReference; lastKnownFileType = sourcecode.swift; path = DesignTokens.swift; sourceTree = "<group>"; };
		FC56FC06BEA460A0A1E1C388 /* ModeButton.swift */ = {isa = PBXFileReference; lastKnownFileType = sourcecode.swift; path = ModeButton.swift; sourceTree = "<group>"; };
/* End PBXFileReference section */

/* Begin PBXGroup section */
		002FB5FAEF7C61E1A26EDACE /* DesignSystem */ = {
			isa = PBXGroup;
			children = (
				F8DE011C84C47530798DE542 /* DesignTokens.swift */,
			);
			path = DesignSystem;
			sourceTree = "<group>";
		};
		17C19C9CEAB1D2EDF8FD47D0 /* Resources */ = {
			isa = PBXGroup;
			children = (
				61C12CEF11E9AC1789EABB58 /* mdeck.icns */,
			);
			path = Resources;
			sourceTree = "<group>";
		};
		17C8CB6E0021EFDBE3AE1EAA /* Products */ = {
			isa = PBXGroup;
			children = (
				8C5C639523DE21CC81AB6260 /* MDeck.app */,
				0FCDD2CD6958F018A5A556CA /* MDeckTests.xctest */,
			);
			name = Products;
			sourceTree = "<group>";
		};
		45A1428DE20841A3A9866484 = {
			isa = PBXGroup;
			children = (
				17C19C9CEAB1D2EDF8FD47D0 /* Resources */,
				E295536E5294B5ED773F4036 /* Sources */,
				902D0AEB37061E8886DC9D29 /* Tests */,
				17C8CB6E0021EFDBE3AE1EAA /* Products */,
			);
			sourceTree = "<group>";
		};
		4C8B3327215B4730AAE80DBE /* AudioEngine */ = {
			isa = PBXGroup;
			children = (
				97A1AA5F977D95734508AE4E /* FFTAnalyzer.swift */,
			);
			path = AudioEngine;
			sourceTree = "<group>";
		};
		60E540F87A9C4E3DB211D87C /* MDeckTests */ = {
			isa = PBXGroup;
			children = (
				2AE171A17AA2DE0291134993 /* MDeckTests.swift */,
			);
			path = MDeckTests;
			sourceTree = "<group>";
		};
		902D0AEB37061E8886DC9D29 /* Tests */ = {
			isa = PBXGroup;
			children = (
				60E540F87A9C4E3DB211D87C /* MDeckTests */,
			);
			path = Tests;
			sourceTree = "<group>";
		};
		9C3F9A6F4806285DFE64ABA3 /* Components */ = {
			isa = PBXGroup;
			children = (
				A1BE4C07CEB04D5E8461668F /* DotText.swift */,
				01629C7F80BDAFDDBF11CE6D /* GlyphButton.swift */,
				E063BD9BEADE04212BD7D764 /* GridToggle.swift */,
				FC56FC06BEA460A0A1E1C388 /* ModeButton.swift */,
				9AAEDD6E162F15394BFF58CC /* ReorderDelegate.swift */,
				5E6173E75B2C7CFA5180D84C /* RotaryKnob.swift */,
				D350A810608784C32E6B307A /* Scrubber.swift */,
				BD939C4C8B7EB1DAFEBD02E9 /* VolumeDots.swift */,
			);
			path = Components;
			sourceTree = "<group>";
		};
		E295536E5294B5ED773F4036 /* Sources */ = {
			isa = PBXGroup;
			children = (
				993DB62D6B88E74E465FC10D /* AppSettings.swift */,
				F4566AFE05B4E90384A65D97 /* AudioEngine.swift */,
				28897236F82597812E48B4F6 /* ContentView.swift */,
				C97D09214F01D0C2A621F7B2 /* MDeckApp.swift */,
				822CAAF7EE62D917BA36CE66 /* SettingsView.swift */,
				024D1160B050FA89AE889203 /* SpectrumView.swift */,
				56431F6C881CC566E952173D /* Theme.swift */,
				4C8B3327215B4730AAE80DBE /* AudioEngine */,
				9C3F9A6F4806285DFE64ABA3 /* Components */,
				002FB5FAEF7C61E1A26EDACE /* DesignSystem */,
			);
			path = Sources;
			sourceTree = "<group>";
		};
/* End PBXGroup section */

/* Begin PBXNativeTarget section */
		06C9DF7A24DF27ED42FEAEE0 /* MDeckTests */ = {
			isa = PBXNativeTarget;
			buildConfigurationList = 6B7EC27534D1827958980C8A /* Build configuration list for PBXNativeTarget "MDeckTests" */;
			buildPhases = (
				6954F778584AFC2DC4728A99 /* Sources */,
			);
			buildRules = (
			);
			dependencies = (
				7F0B505F188C96E2B241DF56 /* PBXTargetDependency */,
			);
			name = MDeckTests;
			packageProductDependencies = (
			);
			productName = MDeckTests;
			productReference = 0FCDD2CD6958F018A5A556CA /* MDeckTests.xctest */;
			productType = "com.apple.product-type.bundle.unit-test";
		};
		2108F0AB78E065FFC2D923C0 /* MDeck */ = {
			isa = PBXNativeTarget;
			buildConfigurationList = AC2D8D67F590A2C88772B091 /* Build configuration list for PBXNativeTarget "MDeck" */;
			buildPhases = (
				4D0E15678EBD7412B172E722 /* Sources */,
				73AD798F63074BB9D348EA1C /* Resources */,
			);
			buildRules = (
			);
			dependencies = (
			);
			name = MDeck;
			packageProductDependencies = (
			);
			productName = MDeck;
			productReference = 8C5C639523DE21CC81AB6260 /* MDeck.app */;
			productType = "com.apple.product-type.application";
		};
/* End PBXNativeTarget section */

/* Begin PBXProject section */
		82628FD8E6DE9BD4A922959C /* Project object */ = {
			isa = PBXProject;
			attributes = {
				BuildIndependentTargetsInParallel = YES;
				LastUpgradeCheck = 1430;
				TargetAttributes = {
					06C9DF7A24DF27ED42FEAEE0 = {
						DevelopmentTeam = "";
						ProvisioningStyle = Automatic;
					};
					2108F0AB78E065FFC2D923C0 = {
						DevelopmentTeam = "";
						ProvisioningStyle = Automatic;
					};
				};
			};
			buildConfigurationList = 197A261295114BEA1927C366 /* Build configuration list for PBXProject "MDeck" */;
			developmentRegion = en;
			hasScannedForEncodings = 0;
			knownRegions = (
				Base,
				en,
			);
			mainGroup = 45A1428DE20841A3A9866484;
			minimizedProjectReferenceProxies = 1;
			preferredProjectObjectVersion = 77;
			productRefGroup = 17C8CB6E0021EFDBE3AE1EAA /* Products */;
			projectDirPath = "";
			projectRoot = "";
			targets = (
				2108F0AB78E065FFC2D923C0 /* MDeck */,
				06C9DF7A24DF27ED42FEAEE0 /* MDeckTests */,
			);
		};
/* End PBXProject section */

/* Begin PBXResourcesBuildPhase section */
		73AD798F63074BB9D348EA1C /* Resources */ = {
			isa = PBXResourcesBuildPhase;
			buildActionMask = 2147483647;
			files = (
				27A27261001FFC962A74DCBD /* mdeck.icns in Resources */,
			);
			runOnlyForDeploymentPostprocessing = 0;
		};
/* End PBXResourcesBuildPhase section */

/* Begin PBXSourcesBuildPhase section */
		4D0E15678EBD7412B172E722 /* Sources */ = {
			isa = PBXSourcesBuildPhase;
			buildActionMask = 2147483647;
			files = (
				2E91424BD4662B966EBCEE71 /* AppSettings.swift in Sources */,
				89AAB1B2ADAC4A487B6B2D2A /* AudioEngine.swift in Sources */,
				BF4265EC1EB315501D42F48C /* ContentView.swift in Sources */,
				149FF09B36E554508EF02754 /* DesignTokens.swift in Sources */,
				303DEC07A138F6CB2AAA0438 /* DotText.swift in Sources */,
				CEB0FB390D7B51949FEA8143 /* FFTAnalyzer.swift in Sources */,
				7918FCC6E3954872B61CDC9C /* GlyphButton.swift in Sources */,
				CD74EC1B3582769FF4FA699C /* GridToggle.swift in Sources */,
				F8C2464FA46F7BB0FD0AC275 /* MDeckApp.swift in Sources */,
				3508967FE0BBD55E54FA9DAC /* ModeButton.swift in Sources */,
				CFA8555CF49BA7AC6FB02113 /* ReorderDelegate.swift in Sources */,
				A551115EAEAE778412F91CFE /* RotaryKnob.swift in Sources */,
				F4C2062FBE69925EAA62A8ED /* Scrubber.swift in Sources */,
				C538F3C313C6517B80EA36F2 /* SettingsView.swift in Sources */,
				5E33C8D0F98FAD6E50778D14 /* SpectrumView.swift in Sources */,
				7C9FAEA539A201899BC0ED1D /* Theme.swift in Sources */,
				D1362E6DFDBE02881040C6A9 /* VolumeDots.swift in Sources */,
			);
			runOnlyForDeploymentPostprocessing = 0;
		};
		6954F778584AFC2DC4728A99 /* Sources */ = {
			isa = PBXSourcesBuildPhase;
			buildActionMask = 2147483647;
			files = (
				124E0417332007A2FE95F1C2 /* MDeckTests.swift in Sources */,
			);
			runOnlyForDeploymentPostprocessing = 0;
		};
/* End PBXSourcesBuildPhase section */

/* Begin PBXTargetDependency section */
		7F0B505F188C96E2B241DF56 /* PBXTargetDependency */ = {
			isa = PBXTargetDependency;
			target = 2108F0AB78E065FFC2D923C0 /* MDeck */;
			targetProxy = 043F5DC8EBC1BF1EEA6A574A /* PBXContainerItemProxy */;
		};
/* End PBXTargetDependency section */

/* Begin XCBuildConfiguration section */
		378C87FD5E34A268DE53774A /* Debug */ = {
			isa = XCBuildConfiguration;
			buildSettings = {
				BUNDLE_LOADER = "$(TEST_HOST)";
				COMBINE_HIDPI_IMAGES = YES;
				GENERATE_INFOPLIST_FILE = YES;
				LD_RUNPATH_SEARCH_PATHS = (
					"$(inherited)",
					"@executable_path/../Frameworks",
					"@loader_path/../Frameworks",
				);
				PRODUCT_BUNDLE_IDENTIFIER = com.moerdowo.MDeckTests;
				SDKROOT = macosx;
				TEST_HOST = "$(BUILT_PRODUCTS_DIR)/MDeck.app/Contents/MacOS/MDeck";
			};
			name = Debug;
		};
		47FDAC5B199A624AB6474E38 /* Release */ = {
			isa = XCBuildConfiguration;
			buildSettings = {
				ASSETCATALOG_COMPILER_APPICON_NAME = AppIcon;
				CODE_SIGN_ENTITLEMENTS = Resources/MDeck.entitlements;
				COMBINE_HIDPI_IMAGES = YES;
				ENABLE_PREVIEWS = YES;
				GENERATE_INFOPLIST_FILE = NO;
				INFOPLIST_FILE = Resources/Info.plist;
				LD_RUNPATH_SEARCH_PATHS = (
					"$(inherited)",
					"@executable_path/../Frameworks",
				);
				PRODUCT_BUNDLE_IDENTIFIER = com.moerdowo.MDeck;
				SDKROOT = macosx;
			};
			name = Release;
		};
		CFCD460C7E851EC9C77E6A5A /* Release */ = {
			isa = XCBuildConfiguration;
			buildSettings = {
				BUNDLE_LOADER = "$(TEST_HOST)";
				COMBINE_HIDPI_IMAGES = YES;
				GENERATE_INFOPLIST_FILE = YES;
				LD_RUNPATH_SEARCH_PATHS = (
					"$(inherited)",
					"@executable_path/../Frameworks",
					"@loader_path/../Frameworks",
				);
				PRODUCT_BUNDLE_IDENTIFIER = com.moerdowo.MDeckTests;
				SDKROOT = macosx;
				TEST_HOST = "$(BUILT_PRODUCTS_DIR)/MDeck.app/Contents/MacOS/MDeck";
			};
			name = Release;
		};
		D8127E218F103CBC40F58201 /* Release */ = {
			isa = XCBuildConfiguration;
			buildSettings = {
				ALWAYS_SEARCH_USER_PATHS = NO;
				CLANG_ANALYZER_NONNULL = YES;
				CLANG_ANALYZER_NUMBER_OBJECT_CONVERSION = YES_AGGRESSIVE;
				CLANG_CXX_LANGUAGE_STANDARD = "gnu++14";
				CLANG_CXX_LIBRARY = "libc++";
				CLANG_ENABLE_MODULES = YES;
				CLANG_ENABLE_OBJC_ARC = YES;
				CLANG_ENABLE_OBJC_WEAK = YES;
				CLANG_WARN_BLOCK_CAPTURE_AUTORELEASING = YES;
				CLANG_WARN_BOOL_CONVERSION = YES;
				CLANG_WARN_COMMA = YES;
				CLANG_WARN_CONSTANT_CONVERSION = YES;
				CLANG_WARN_DEPRECATED_OBJC_IMPLEMENTATIONS = YES;
				CLANG_WARN_DIRECT_OBJC_ISA_USAGE = YES_ERROR;
				CLANG_WARN_DOCUMENTATION_COMMENTS = YES;
				CLANG_WARN_EMPTY_BODY = YES;
				CLANG_WARN_ENUM_CONVERSION = YES;
				CLANG_WARN_INFINITE_RECURSION = YES;
				CLANG_WARN_INT_CONVERSION = YES;
				CLANG_WARN_NON_LITERAL_NULL_CONVERSION = YES;
				CLANG_WARN_OBJC_IMPLICIT_RETAIN_SELF = YES;
				CLANG_WARN_OBJC_LITERAL_CONVERSION = YES;
				CLANG_WARN_OBJC_ROOT_CLASS = YES_ERROR;
				CLANG_WARN_QUOTED_INCLUDE_IN_FRAMEWORK_HEADER = YES;
				CLANG_WARN_RANGE_LOOP_ANALYSIS = YES;
				CLANG_WARN_STRICT_PROTOTYPES = YES;
				CLANG_WARN_SUSPICIOUS_MOVE = YES;
				CLANG_WARN_UNGUARDED_AVAILABILITY = YES_AGGRESSIVE;
				CLANG_WARN_UNREACHABLE_CODE = YES;
				CLANG_WARN__DUPLICATE_METHOD_MATCH = YES;
				CODE_SIGN_STYLE = Automatic;
				COPY_PHASE_STRIP = NO;
				CURRENT_PROJECT_VERSION = 1;
				DEBUG_INFORMATION_FORMAT = "dwarf-with-dsym";
				DEVELOPMENT_TEAM = "";
				ENABLE_HARDENED_RUNTIME = YES;
				ENABLE_NS_ASSERTIONS = NO;
				ENABLE_STRICT_OBJC_MSGSEND = YES;
				GCC_C_LANGUAGE_STANDARD = gnu11;
				GCC_NO_COMMON_BLOCKS = YES;
				GCC_WARN_64_TO_32_BIT_CONVERSION = YES;
				GCC_WARN_ABOUT_RETURN_TYPE = YES_ERROR;
				GCC_WARN_UNDECLARED_SELECTOR = YES;
				GCC_WARN_UNINITIALIZED_AUTOS = YES_AGGRESSIVE;
				GCC_WARN_UNUSED_FUNCTION = YES;
				GCC_WARN_UNUSED_VARIABLE = YES;
				MACOSX_DEPLOYMENT_TARGET = 14.0;
				MARKETING_VERSION = 1.0;
				MTL_ENABLE_DEBUG_INFO = NO;
				MTL_FAST_MATH = YES;
				PRODUCT_NAME = "$(TARGET_NAME)";
				SDKROOT = macosx;
				SWIFT_COMPILATION_MODE = wholemodule;
				SWIFT_OPTIMIZATION_LEVEL = "-O";
				SWIFT_VERSION = 5.0;
			};
			name = Release;
		};
		F50D82E330D118AE1ED03EA4 /* Debug */ = {
			isa = XCBuildConfiguration;
			buildSettings = {
				ASSETCATALOG_COMPILER_APPICON_NAME = AppIcon;
				CODE_SIGN_ENTITLEMENTS = Resources/MDeck.entitlements;
				COMBINE_HIDPI_IMAGES = YES;
				ENABLE_PREVIEWS = YES;
				GENERATE_INFOPLIST_FILE = NO;
				INFOPLIST_FILE = Resources/Info.plist;
				LD_RUNPATH_SEARCH_PATHS = (
					"$(inherited)",
					"@executable_path/../Frameworks",
				);
				PRODUCT_BUNDLE_IDENTIFIER = com.moerdowo.MDeck;
				SDKROOT = macosx;
			};
			name = Debug;
		};
		FDF4B6AA3B5B6CB8209F7E30 /* Debug */ = {
			isa = XCBuildConfiguration;
			buildSettings = {
				ALWAYS_SEARCH_USER_PATHS = NO;
				CLANG_ANALYZER_NONNULL = YES;
				CLANG_ANALYZER_NUMBER_OBJECT_CONVERSION = YES_AGGRESSIVE;
				CLANG_CXX_LANGUAGE_STANDARD = "gnu++14";
				CLANG_CXX_LIBRARY = "libc++";
				CLANG_ENABLE_MODULES = YES;
				CLANG_ENABLE_OBJC_ARC = YES;
				CLANG_ENABLE_OBJC_WEAK = YES;
				CLANG_WARN_BLOCK_CAPTURE_AUTORELEASING = YES;
				CLANG_WARN_BOOL_CONVERSION = YES;
				CLANG_WARN_COMMA = YES;
				CLANG_WARN_CONSTANT_CONVERSION = YES;
				CLANG_WARN_DEPRECATED_OBJC_IMPLEMENTATIONS = YES;
				CLANG_WARN_DIRECT_OBJC_ISA_USAGE = YES_ERROR;
				CLANG_WARN_DOCUMENTATION_COMMENTS = YES;
				CLANG_WARN_EMPTY_BODY = YES;
				CLANG_WARN_ENUM_CONVERSION = YES;
				CLANG_WARN_INFINITE_RECURSION = YES;
				CLANG_WARN_INT_CONVERSION = YES;
				CLANG_WARN_NON_LITERAL_NULL_CONVERSION = YES;
				CLANG_WARN_OBJC_IMPLICIT_RETAIN_SELF = YES;
				CLANG_WARN_OBJC_LITERAL_CONVERSION = YES;
				CLANG_WARN_OBJC_ROOT_CLASS = YES_ERROR;
				CLANG_WARN_QUOTED_INCLUDE_IN_FRAMEWORK_HEADER = YES;
				CLANG_WARN_RANGE_LOOP_ANALYSIS = YES;
				CLANG_WARN_STRICT_PROTOTYPES = YES;
				CLANG_WARN_SUSPICIOUS_MOVE = YES;
				CLANG_WARN_UNGUARDED_AVAILABILITY = YES_AGGRESSIVE;
				CLANG_WARN_UNREACHABLE_CODE = YES;
				CLANG_WARN__DUPLICATE_METHOD_MATCH = YES;
				CODE_SIGN_STYLE = Automatic;
				COPY_PHASE_STRIP = NO;
				CURRENT_PROJECT_VERSION = 1;
				DEBUG_INFORMATION_FORMAT = dwarf;
				DEVELOPMENT_TEAM = "";
				ENABLE_HARDENED_RUNTIME = YES;
				ENABLE_STRICT_OBJC_MSGSEND = YES;
				ENABLE_TESTABILITY = YES;
				GCC_C_LANGUAGE_STANDARD = gnu11;
				GCC_DYNAMIC_NO_PIC = NO;
				GCC_NO_COMMON_BLOCKS = YES;
				GCC_OPTIMIZATION_LEVEL = 0;
				GCC_PREPROCESSOR_DEFINITIONS = (
					"$(inherited)",
					"DEBUG=1",
				);
				GCC_WARN_64_TO_32_BIT_CONVERSION = YES;
				GCC_WARN_ABOUT_RETURN_TYPE = YES_ERROR;
				GCC_WARN_UNDECLARED_SELECTOR = YES;
				GCC_WARN_UNINITIALIZED_AUTOS = YES_AGGRESSIVE;
				GCC_WARN_UNUSED_FUNCTION = YES;
				GCC_WARN_UNUSED_VARIABLE = YES;
				MACOSX_DEPLOYMENT_TARGET = 14.0;
				MARKETING_VERSION = 1.0;
				MTL_ENABLE_DEBUG_INFO = INCLUDE_SOURCE;
				MTL_FAST_MATH = YES;
				ONLY_ACTIVE_ARCH = YES;
				PRODUCT_NAME = "$(TARGET_NAME)";
				SDKROOT = macosx;
				SWIFT_ACTIVE_COMPILATION_CONDITIONS = DEBUG;
				SWIFT_OPTIMIZATION_LEVEL = "-Onone";
				SWIFT_VERSION = 5.0;
			};
			name = Debug;
		};
/* End XCBuildConfiguration section */

/* Begin XCConfigurationList section */
		197A261295114BEA1927C366 /* Build configuration list for PBXProject "MDeck" */ = {
			isa = XCConfigurationList;
			buildConfigurations = (
				FDF4B6AA3B5B6CB8209F7E30 /* Debug */,
				D8127E218F103CBC40F58201 /* Release */,
			);
			defaultConfigurationIsVisible = 0;
			defaultConfigurationName = Debug;
		};
		6B7EC27534D1827958980C8A /* Build configuration list for PBXNativeTarget "MDeckTests" */ = {
			isa = XCConfigurationList;
			buildConfigurations = (
				378C87FD5E34A268DE53774A /* Debug */,
				CFCD460C7E851EC9C77E6A5A /* Release */,
			);
			defaultConfigurationIsVisible = 0;
			defaultConfigurationName = Debug;
		};
		AC2D8D67F590A2C88772B091 /* Build configuration list for PBXNativeTarget "MDeck" */ = {
			isa = XCConfigurationList;
			buildConfigurations = (
				F50D82E330D118AE1ED03EA4 /* Debug */,
				47FDAC5B199A624AB6474E38 /* Release */,
			);
			defaultConfigurationIsVisible = 0;
			defaultConfigurationName = Debug;
		};
/* End XCConfigurationList section */
	};
	rootObject = 82628FD8E6DE9BD4A922959C /* Project object */;
}
